{
  "version": 4,
  "terraform_version": "0.13.5",
  "serial": 33,
  "lineage": "7d659356-422b-55a5-cb44-c2ad7a4fd8c1",
  "outputs": {},
  "resources": [
    {
      "mode": "managed",
      "type": "azurerm_api_management",
      "name": "default",
      "provider": "provider[\"registry.terraform.io/hashicorp/azurerm\"]",
      "instances": [
        {
          "schema_version": 0,
          "attributes": {
            "additional_location": [],
            "certificate": [],
            "developer_portal_url": "https://rothieapimdemoapim.developer.azure-api.net",
            "gateway_regional_url": "https://rothieapimdemoapim-westeurope-01.regional.azure-api.net",
            "gateway_url": "https://rothieapimdemoapim.azure-api.net",
            "hostname_configuration": [
              {
                "developer_portal": [],
                "management": [],
                "portal": [],
                "proxy": [
                  {
                    "certificate": "",
                    "certificate_password": "",
                    "default_ssl_binding": true,
                    "host_name": "rothieapimdemoapim.azure-api.net",
                    "key_vault_id": "",
                    "negotiate_client_certificate": false
                  }
                ],
                "scm": []
              }
            ],
            "id": "/subscriptions/0ec6dbb0-b89b-4bb3-9140-14e3d244e0ee/resourceGroups/rothieapimdemo/providers/Microsoft.ApiManagement/service/rothieapimdemoapim",
            "identity": [],
            "location": "westeurope",
            "management_api_url": "https://rothieapimdemoapim.management.azure-api.net",
            "name": "rothieapimdemoapim",
            "notification_sender_email": "apimgmt-noreply@mail.windowsazure.com",
            "policy": [
              {
                "xml_content": "\u003c!--\r\n    IMPORTANT:\r\n    - Policy elements can appear only within the \u003cinbound\u003e, \u003coutbound\u003e, \u003cbackend\u003e section elements.\r\n    - Only the \u003cforward-request\u003e policy element can appear within the \u003cbackend\u003e section element.\r\n    - To apply a policy to the incoming request (before it is forwarded to the backend service), place a corresponding policy element within the \u003cinbound\u003e section element.\r\n    - To apply a policy to the outgoing response (before it is sent back to the caller), place a corresponding policy element within the \u003coutbound\u003e section element.\r\n    - To add a policy position the cursor at the desired insertion point and click on the round button associated with the policy.\r\n    - To remove a policy, delete the corresponding policy statement from the policy document.\r\n    - Policies are applied in the order of their appearance, from the top down.\r\n--\u003e\r\n\u003cpolicies\u003e\r\n\t\u003cinbound\u003e\r\n\t\t\u003ccors allow-credentials=\"true\"\u003e\r\n\t\t\t\u003callowed-origins\u003e\r\n\t\t\t\t\u003corigin\u003ehttps://rothieapimdemoapim.developer.azure-api.net\u003c/origin\u003e\r\n\t\t\t\u003c/allowed-origins\u003e\r\n\t\t\t\u003callowed-methods preflight-result-max-age=\"300\"\u003e\r\n\t\t\t\t\u003cmethod\u003e*\u003c/method\u003e\r\n\t\t\t\u003c/allowed-methods\u003e\r\n\t\t\t\u003callowed-headers\u003e\r\n\t\t\t\t\u003cheader\u003e*\u003c/header\u003e\r\n\t\t\t\u003c/allowed-headers\u003e\r\n\t\t\t\u003cexpose-headers\u003e\r\n\t\t\t\t\u003cheader\u003e*\u003c/header\u003e\r\n\t\t\t\u003c/expose-headers\u003e\r\n\t\t\u003c/cors\u003e\r\n\t\u003c/inbound\u003e\r\n\t\u003cbackend\u003e\r\n\t\t\u003cforward-request /\u003e\r\n\t\u003c/backend\u003e\r\n\t\u003coutbound /\u003e\r\n\u003c/policies\u003e",
                "xml_link": ""
              }
            ],
            "portal_url": "https://rothieapimdemoapim.portal.azure-api.net",
            "private_ip_addresses": [],
            "protocols": [
              {
                "enable_http2": false
              }
            ],
            "public_ip_addresses": [
              "20.71.120.237"
            ],
            "publisher_email": "rothie@microsoft.com",
            "publisher_name": "My Company",
            "resource_group_name": "rothieapimdemo",
            "scm_url": "https://rothieapimdemoapim.scm.azure-api.net",
            "security": [
              {
                "enable_backend_ssl30": false,
                "enable_backend_tls10": false,
                "enable_backend_tls11": false,
                "enable_frontend_ssl30": false,
                "enable_frontend_tls10": false,
                "enable_frontend_tls11": false,
                "enable_triple_des_ciphers": false
              }
            ],
            "sign_in": [
              {
                "enabled": false
              }
            ],
            "sign_up": [
              {
                "enabled": false,
                "terms_of_service": [
                  {
                    "consent_required": false,
                    "enabled": false,
                    "text": ""
                  }
                ]
              }
            ],
            "sku_name": "Developer_1",
            "tags": {},
            "timeouts": null,
            "virtual_network_configuration": [
              {
                "subnet_id": "/subscriptions/0ec6dbb0-b89b-4bb3-9140-14e3d244e0ee/resourceGroups/rothieapimdemo/providers/Microsoft.Network/virtualNetworks/vnet/subnets/apim"
              }
            ],
            "virtual_network_type": "External"
          },
          "private": "eyJlMmJmYjczMC1lY2FhLTExZTYtOGY4OC0zNDM2M2JjN2M0YzAiOnsiY3JlYXRlIjozNjAwMDAwMDAwMDAwLCJkZWxldGUiOjM2MDAwMDAwMDAwMDAsInJlYWQiOjMwMDAwMDAwMDAwMCwidXBkYXRlIjozNjAwMDAwMDAwMDAwfX0=",
          "dependencies": [
            "azurerm_resource_group.default",
            "azurerm_subnet.apim",
            "azurerm_virtual_network.default"
          ]
        }
      ]
    },
    {
      "mode": "managed",
      "type": "azurerm_kubernetes_cluster",
      "name": "default",
      "provider": "provider[\"registry.terraform.io/hashicorp/azurerm\"]",
      "instances": [
        {
          "schema_version": 0,
          "attributes": {
            "addon_profile": [
              {
                "aci_connector_linux": [],
                "azure_policy": [],
                "http_application_routing": [],
                "kube_dashboard": [
                  {
                    "enabled": false
                  }
                ],
                "oms_agent": []
              }
            ],
            "api_server_authorized_ip_ranges": [],
            "auto_scaler_profile": [],
            "default_node_pool": [
              {
                "availability_zones": [],
                "enable_auto_scaling": false,
                "enable_node_public_ip": false,
                "max_count": 0,
                "max_pods": 110,
                "min_count": 0,
                "name": "default",
                "node_count": 1,
                "node_labels": {},
                "node_taints": [],
                "orchestrator_version": "1.18.8",
                "os_disk_size_gb": 128,
                "tags": {},
                "type": "VirtualMachineScaleSets",
                "vm_size": "Standard_D2_v2",
                "vnet_subnet_id": "/subscriptions/0ec6dbb0-b89b-4bb3-9140-14e3d244e0ee/resourceGroups/rothieapimdemo/providers/Microsoft.Network/virtualNetworks/vnet/subnets/aks"
              }
            ],
            "disk_encryption_set_id": "",
            "dns_prefix": "aks",
            "enable_pod_security_policy": false,
            "fqdn": "aks-bc68bfcb.hcp.westeurope.azmk8s.io",
            "id": "/subscriptions/0ec6dbb0-b89b-4bb3-9140-14e3d244e0ee/resourcegroups/rothieapimdemo/providers/Microsoft.ContainerService/managedClusters/aks",
            "identity": [
              {
                "principal_id": "292e5f64-0902-4c46-ac2f-9ea9cbfacab4",
                "tenant_id": "72f988bf-86f1-41af-91ab-2d7cd011db47",
                "type": "SystemAssigned"
              }
            ],
            "kube_admin_config": [],
            "kube_admin_config_raw": "",
            "kube_config": [
              {
                "client_certificate": "LS0tLS1CRUdJTiBDRVJUSUZJQ0FURS0tLS0tCk1JSUUvRENDQXVTZ0F3SUJBZ0lRVnFuaFZrRUowd2JaempsYWx4MlFaakFOQmdrcWhraUc5dzBCQVFzRkFEQU4KTVFzd0NRWURWUVFERXdKallUQWVGdzB5TURFd016QXhNVEk1TVRSYUZ3MHlNakV3TXpBeE1UTTVNVFJhTURBeApGekFWQmdOVkJBb1REbk41YzNSbGJUcHRZWE4wWlhKek1SVXdFd1lEVlFRREV3eHRZWE4wWlhKamJHbGxiblF3CmdnSWlNQTBHQ1NxR1NJYjNEUUVCQVFVQUE0SUNEd0F3Z2dJS0FvSUNBUUMraUs3blptOXFBeGpnNW44M1FJUjIKdDBteTBMcHV1Snplc2huR1VrNm91ZXdxYTl2WkxGRHp0Q2tTWVppMGJsbFA3c2NFS0ZmSzNmaW4rNWVoSkVWRwp4ZEszRDVVQVlsVWYwRncwSkd0T0Vtd2VUcXN1cDVTNkRqdDFiQy9FdHYvWXpnWjNzTmtSenl3NlBwWlExSVU0Cjl2bVlySnc3NTk4TktDV0ozM1AyQkhuYnNXdzRmbHFmMjVxNjJlTEplckplUzdKckFIZGNKZlB6b2JyVU5tL0kKYUg3SXM0R2YxOVd4OTUzSDVQUkFBZjhXbFpuNmhuSVhsdjBTYWlZd2g0UXh0bE5ZaWRZOWtrdHllWnpBbmRBaApoSDZxS0dzakpuOUhaQlNmc0dlN2tIdTlvbTBaYXFXZ0dVMURQMFdoRjh1OE9uajhuTHVhaHAxWlM5bU5GMGdqCktxemlCcU5pdG5rc01PMnZjVFc3dXR4TVBFV3NBRDQ1WWs3MjBwb3JKc1FTb1JDOU1VaWFJWVdFNjlaay80Y2oKUlpEVFVkVFdkbjRTM3FCYnd3Tzh1Ym1PdWJxNGMxSmwwQzJpZXpYZ3FiaDQ0bUZMU08wNjMrakJPam43T1RJcgpJMWhjRk5vem9uSUlRVzEzWXU1dXNCcUJLcm1uUzNrMTFUOXF4K2RRM1NGU0xaVW1iMi81d1pUdnFGbCs1NitDCk5WaUUyWEtsTXNLYUk0NjRWNmRSNE15a1l4TFZ1RFEycWVpcWZ6djJ3SlVuY0hqNDYydFNnSkdad2FqcVZLQkcKdDBLTHh1K21xR1dsdVlOTk8wdFZNNWtETEZLc3dXT29HcG00c3dSNXpramdGOWtCeklmR1ZhbzI4TWpNVUQyZwpLMEVYWEJJN1VnT1gvYUZlZmtEVG13SURBUUFCb3pVd016QU9CZ05WSFE4QkFmOEVCQU1DQmFBd0V3WURWUjBsCkJBd3dDZ1lJS3dZQkJRVUhBd0l3REFZRFZSMFRBUUgvQkFJd0FEQU5CZ2txaGtpRzl3MEJBUXNGQUFPQ0FnRUEKclYrYWxsMUQrUHU1Nkx5VmlObndVa29admxmM25LN1lmTUV3ZklCZ0JjS2FRQjdyYUZ6SkNaUEg4ckRzK1pPNQp5TDEvSjBGaitMK3IzbWNjKzVZbWV0UFYxa05CeW5qTEhzR3d6WHd5TlhXOHdVd1FWREphYnpZN1kwaVJDaDdzClRYYjI1MkRISmlpTm5WVEVKb1dsZ3RDekRVNG5rdlNSYUFVYUZyVlNkajJ0SmJLMkhDOVgyWFBEcndPUmpJQ1cKbnRxemo0dmk0d2VWZE1yaEgwZW5nWWNjaWNOTWxjbHRLdVA4a1k0aml6UWhOZEJBU1ExYS9tYzVDVWJqdUxMKwpObVFVV1Q1TDVWalV0TzhlOGorSUtKZGJseFN0aUtRbmh6Rm9jZXlvUVZjL09Ga0VIUDNxV1VTREYralc5TkRZCkZuVm1Yb0dlRHhFMmMrL2tYbmF0di9yVk1ERmc5ajBXYk01Q3F4SjlvSzRYY2c5d0xLaU13R2hlay9XM09ibkIKK2R1Tm5tWUgwSDdhWDVPa3VpK3MwaDFVOEd1czM0QlF4UERTK2UzaUN3SmRZTmtIbERmZVZEejNJYSs3cjRabAp1VjlUdkRvcFd1N1ljOWlocG5oVzY5SG10cDJhbmUwczRDQVFKZm5JR0d0RVF0bkE5aVZTdlhVVGd5Ykh2aHd6CmY4ZkN0MVJwZTJlVy8vQVl1QjBCTmloMEU2S21lS1J2L2FPU2RsTldCcGNVS3VpK1RBb2MvRE8rbzVkNWZYOU8KLy9qOENON2tjY3VuUXdHUGV2WDlUS1UrdFI4SnNvMDFnanJHNmhqY0MwSEM0OGhKSVc4Wk1mdnNYZEFzcDNTZApSYVI0NjdEU2JsTVdXTy9hT1FjZzBsazJVeTZNSU5DU2MrbFN4a1BsRm9ZPQotLS0tLUVORCBDRVJUSUZJQ0FURS0tLS0tCg==",
                "client_key": "LS0tLS1CRUdJTiBSU0EgUFJJVkFURSBLRVktLS0tLQpNSUlKSndJQkFBS0NBZ0VBdm9pdTUyWnZhZ01ZNE9aL04wQ0VkcmRKc3RDNmJyaWMzcklaeGxKT3FMbnNLbXZiCjJTeFE4N1FwRW1HWXRHNVpUKzdIQkNoWHl0MzRwL3VYb1NSRlJzWFN0dytWQUdKVkg5QmNOQ1JyVGhKc0hrNnIKTHFlVXVnNDdkV3d2eExiLzJNNEdkN0RaRWM4c09qNldVTlNGT1BiNW1LeWNPK2ZmRFNnbGlkOXo5Z1I1MjdGcwpPSDVhbjl1YXV0bml5WHF5WGt1eWF3QjNYQ1h6ODZHNjFEWnZ5R2greUxPQm45ZlZzZmVkeCtUMFFBSC9GcFdaCitvWnlGNWI5RW1vbU1JZUVNYlpUV0luV1BaSkxjbm1jd0ozUUlZUitxaWhySXlaL1IyUVVuN0JudTVCN3ZhSnQKR1dxbG9CbE5RejlGb1JmTHZEcDQvSnk3bW9hZFdVdlpqUmRJSXlxczRnYWpZclo1TEREdHIzRTF1N3JjVER4RgpyQUErT1dKTzl0S2FLeWJFRXFFUXZURkltaUdGaE92V1pQK0hJMFdRMDFIVTFuWitFdDZnVzhNRHZMbTVqcm02CnVITlNaZEF0b25zMTRLbTRlT0poUzBqdE90L293VG81K3preUt5TllYQlRhTTZKeUNFRnRkMkx1YnJBYWdTcTUKcDB0NU5kVS9hc2ZuVU4waFVpMlZKbTl2K2NHVTc2aFpmdWV2Z2pWWWhObHlwVExDbWlPT3VGZW5VZURNcEdNUwoxYmcwTnFub3FuODc5c0NWSjNCNCtPdHJVb0NSbWNHbzZsU2dScmRDaThidnBxaGxwYm1EVFR0TFZUT1pBeXhTCnJNRmpxQnFadUxNRWVjNUk0QmZaQWN5SHhsV3FOdkRJekZBOW9DdEJGMXdTTzFJRGwvMmhYbjVBMDVzQ0F3RUEKQVFLQ0FnQnV1M0VxK3RWMWZ5ZE9UYWRSclNWTytXYlRqWXRNSGU3TlhpU3NwZGtoSml5aTJ0eUNjc2I1VzVNagpJNlZqOTEzZ25wejdSWmNBUjlEamo4eW4walNRMVJlSlhIejBKREhrczJ0aXdtZTZqK3BXRXRKWjR2c0V4cEMzCnhaQmRleDFtR3hhWEtTaCt1VEN6Q1B6RExUL2Z3Mmw3MlpWVEc0YitWbjY2aWlzU3A3ZEtmdXF1U29EUXR3aE4KMzZOMkJPRDAvSGxNeHBDWDlWYTZHUnhEaVArZU1WeTl0OVYxMkRKUm85OEc5WUVlVWdxMlRXdVh0ZHRJNm05Wgo3R2NWZlN6TzEyL0kzUkt0NWdBREg3cUNGeldHeFVINEVsVnhzRVg0YjZtc3hSRUVhUXdCUWd5MTRNMHhKb05JCnVkVDFzcWF0Vmk1S1lheUdPZ1hvaDdSLzB6QVFmcGhqVDY5YmZpS3NINVhYNFdReHlLWjN0L1M5eFh2RDArbHEKNzNUbktQcUd0SUR4d2srQkJkalR2YnJyc05XcFNHZCs3T1E1V0h0a3BSRTFwN3FZSG5aRFYzSS92aURpb2FiVgp5d01TZk13cS9kanNzR29aVHk5bkU1S3gvTHpFZlFYTTdCSDhJUlRRck4zdnpTbUlPKzNXUmhUSlhTZXIyQmFHCmI3OXBuWXluekh2YktCS0c5TStMaUZvWFA5WkJMUWxIdURRdVpldHRQbi8wR25kd1JtVnJ3aHZtSWltbkFOaDQKUGt3U21ucEF0ZFYvRzhWZjlYUlpIUE9BY01kS3M3aEhNZDQ2QkZEVVdLbGl3bll1dHpNc3psb3N6Y1hqbjBFeQpMUHozUFJTM0VYQk16c2dDVjVaUFJ1SzRjai9md1NXR0dZSUpTbmNVZWZYQjZBb05BUUtDQVFFQTdySWJVcUtzCm5DamhMcWRkMjlQWE1MOGRvMkRPTGxHcFBFK0xST1VKZVkwb3oyTUdGRzU4UWY4YXpQU2dndXU2endKeldHZnMKdDhCUG1DbUFqWVZYNWRZQ2dub2dsVlhrWFBKVG9kcjdvdzJpUGdGN1llTDBZd1RoUG5yMWlXeDVIQzFiSkx0UgpadTNSRW5XNG41TmNnb2VrR2g3bk0vVkNEbUljQ2pEZUhkK0FRSFNyUGtYcVV6OEtKcktVU0YwK2Z2bTdyY1l2CmRVT2dVc1dyeCs2T3l1VWMrb3EwTC8yVGh5MjRSdG1NWlNYdkoxMHZ1MlpGa1BmZzAzckxheDJLc1puaTBoaW4KRHpjNDhKcjFQYmJya2NxelBWcnpXUlE4VjVmNzI4MFRoMXZESFhxSkZvRHNuN1g4M3N2T0FBQjVaSXo3c3JlYwplYzNXNitsN1hJUktFUUtDQVFFQXpGakE4d0Ruc2g2S1ZjUkFpeU4vZVFOc2NZN1pjeDNxVXNESkc1dTFJUGh2Ck9yOTRuQjRkRlpyL2MwR2hXWHhzRkNiRG9vTDRnQkV1QVl1WDRlRWQ4NUlGRzA3WkNMcTlWVVdVOC9jcTdaNlUKaTRHUUVYa1ZqRjhGT2VTRU5qVEd4WElGWTJsTTVGazl5VENvRFI2WTFmRHlWTjlCNFU3ZjFHWU9IdkdXR0RSbApNZnRoMXdIWXdFcWFPcFZ4b0Z3WS95aWJkTGlmRTAwT1NnQ1RnaVhYNk1DL0FvZ3U0VS9td3dYWFBHTmdsS3JHCm5XRG1zdXVKMHp3UWRhWnNHUEFVWm16WkVQcWZPWnpQalBnVFROU28vYSsrYThaekU0emU5TzFMbk9HcFVKUUsKdFdMV3RTSlJ5RWtIdE5oRjJTSzhvSDNBWGNDTXpTRjlhMWFYUnQxMjZ3S0NBUUFOTXZ3ZnphOE4wNVRnSjVFaApIczIvZkZIL1B0TW43SXdYTWE3WjJIQjFzRUNaZHpoVzJPVTJJUTB5V0RTb0NMRUQwWGJmWkovS2FXLzlVZzR4CnhUWGZGNzU3eUpVVXJQTTcwSXFmWUtTWmw1OXBIbHZjUmRpTndTOVRiU2sydUREYVJnZk1PQytBS1padUZ1Um0KcnBkbkFHa3FxSnJRWExlU1pBcDQ1Y3JpakFGamp4QUpHWVNqcGREQjR3NGdFa2ZxYlpUYlB5SlFzYlNqM3hwbwpxK0JwaDlIYWFPRWQ1ai9LTWRVRzFmRFZod3Q2ZWNTeDhDM1lubHhvVlZuNlNsL3BBa0Z3ckx4UU14V0srSWFuCkt2NUx5Wkd2eXQrNkJVeHc2NDZaMFBWTGZ0K0RPY3RxMnlZNmpxMjFCRUFYNys3R2lLVkNkTFRLWjMrQy9CNCsKTjNLQkFvSUJBR2JSTld4UGhVVGpCdm0yZ0Q5Q0FpNlNZV3NWMUNXTzVNcjBnM3Zuc1pCQVVENy8vaUNYS2swbgpxdWFFSERvWlY0d2dJUWxRMnRZZFRzZXFSQ1o4RFlUemNLeFgxTzRHZjZNN0dvSlNXQUF0YlZKd1ExdjNUN2RNClRDWGY3QUlXTmZrOHNLZGZZVGY0Q3hXQzdOdUZES09BMDMyT3crZ290b2g1UFJ1bXRMM0RCelBKNTJXMllTZ0gKb1doZXIwaGZicGhjQnpRSWZNbktXS2sxZHdMaUphdlA1NHZQbDc3NFpBUzJtS0NpNUFLSmx0dXkyUUVuY0RhZgpueXlES3hxMUdaNmJuL0JpR2VGMEhCNHk2QXNkYVZZVHFqMHlJYzZ4YjdGUEFGK1VUNHZpb1N5NDZZMUVFbUF6CkZyU1FxVHhpdFFRUG9jM0tSMDRqVHFiR2IrRlJKemNDZ2dFQUF0TWQ3cFlXTmZKdlJlSC9Fb3JINUNNUklkOVEKeklvS1BHZmJjbng4YkJGRWk2MkVDelB4enB4eXdPQ01reUlvbkpSem15dzhqSk5WcTZPYitYUFZHbjFldFNlZQpPYzVuTnppeElMTmFld2tIRWFpNVhZUkVCRVBuMklyM0M4VUxJOFVSZWRWRndHZmdmRUxPcVYxN0N5OEg5eTA4Cm9tVkUzbWxoZ0pMWDlabCtWKzlLWlB5MGl5cDkwZGVkUngyaGdyODVjNWhkbWtLS21RdUtFSy80YVh0YWt1STkKbFdaWHZ6MW53V0lIcEJzTFBkak9QaHJYQ0ViNGhxWWtTb0lrMkYxT054SEcyQ2pjUHk4U0tIdEFWVzUrTkpXTwppdlRVN003TXdxeU5CUnJGU01oYWJ6YTkzdWV4R2dKdFcrTmErUHRoQmpSS25oMjVWUkNmWWpmTWxnPT0KLS0tLS1FTkQgUlNBIFBSSVZBVEUgS0VZLS0tLS0K",
                "cluster_ca_certificate": "LS0tLS1CRUdJTiBDRVJUSUZJQ0FURS0tLS0tCk1JSUV5akNDQXJLZ0F3SUJBZ0lSQUpyeGgwcHlZMm5JOU82ZjAzRXdDTVV3RFFZSktvWklodmNOQVFFTEJRQXcKRFRFTE1Ba0dBMVVFQXhNQ1kyRXdJQmNOTWpBeE1ETXdNVEV5T1RFMFdoZ1BNakExTURFd016QXhNVE01TVRSYQpNQTB4Q3pBSkJnTlZCQU1UQW1OaE1JSUNJakFOQmdrcWhraUc5dzBCQVFFRkFBT0NBZzhBTUlJQ0NnS0NBZ0VBCnlBUVZDREFMZE80c0Nwanc5NnFxTkVVTWR3d0wyMHlCUkYyUzlYSG0za1F2YnhmZWVUeWVDTmpGTUNBNEJXVy8KMmVKRTVpMy9MSzRCbzdNK1dTbS95cU9XWlVwMVlBYytCY0hiaWhKakRxdVlKK1luSGhxQk02RVRRbkVlclpSego0dTF1Z1FSbFNRWjRvRlluNEhrYWtaYWdWQ0d5SEQrSXhRRlZ1c0xLWE1ZY2ZTUys2c1pHVEpYUnkwQVFQUklICkluV0JGZFhGaTQ3WkxJU1ZMQ2FnYjFHNWxjZTZLYXNqKzFpU0hkLzlJT1J3ZkhoK2d4aU8yLzFMdllkMVR1QVkKYnpMSjd2RldaZ3ZNKzRzTWlac3BGSkVSdHZrcXJ4cUZRcXc5bFBFRldsMUViYnBVRGVkalN4TzZFS201UnQ0TAoxNmI0L2VQdmhmV2lsbFh2NjIvbjdaUTQ3ZVUyTzRpSGtPZDVLN1JYdWhiWlB2dnV1QmRVcHlvaktFRjBDb0RiCi8vamxUeVBlN3k4QmNmNDhTMkhsWVNUaUdWelR0N1FhVkNBWmY0bjhFSC94Y3FYZU1UVzJsZU8vYXp0NnlyMlEKT2o5aWNZOU9wNk9FNGVSSTVsc0lGSHQzR01PeGxib0NJRTZEQVhQOFE3MXVlNjd0QmJFTUtnVDBJaWl1c0R4cwo4Umx5M0cxNXkreXN4NlpJRlpwejc2d1Iva1ArYSswbnlkbXJaVHBRZTkvcGxwTkt0UVg2eEJkQVdRMjhrSkMzClorRFFCOUh2S0RqcmVPYzlvWGJBUlRKclNhdDBvWldvOE5HUHZab292R2JWNFZDL3dLOXYrT3F6bHJTa1EwMXUKQUhUWE9qTnVLWlZ1eXVpT0JUOXJtNmNLTDhmdjJtZDlWc2syeWJKQ1cxVUNBd0VBQWFNak1DRXdEZ1lEVlIwUApBUUgvQkFRREFnS2tNQThHQTFVZEV3RUIvd1FGTUFNQkFmOHdEUVlKS29aSWh2Y05BUUVMQlFBRGdnSUJBTFR2CjNBZzIxVloxNXNuOEppOEVPNmpCQjRVQWYxbDdpaGxjY0hidG45MXQvU3NxV2g2d2FjZm1tb1FUSVdWbWt2SjYKMnQzSWIzTlZOQS9yZkcrMGszNW8zNDBVRXNaN1dsbjhpemJSOWY1V2dVaDg5WDNaN0ZkWWtVTGgyQ2RTYTBtQwpwckdkME04RENXY0VSajI2Um1uaEp6VnhUeERuUkJOdDk4T2JlSDR3WGhMUlJPSU9pU041TXF0SkVJeGlqMlQrCjY5TEFpaFdNSER5bFZoalcyK1RaMFNiZ1M1ZkkrU1A2ZHRBeGZWR2RmNFg5YzRLcDJySXp5OFFCRTArWmxaRUUKajZIbS9kV2FqWUVOSjRUN05XcGsya094WnprRUNlWmZoSWlYSHhYVEdWblVtbnJkSkJWbU54Nlo2cHV5c3oraQplcUF3bmdqZkRWcklmdTBKLy9MVFo0RkZ4cGRDTmd5UUxocFU0dkxWUS8rZVA4Rlo3MVo1ZGlId0lCL0Z0d2Y2CmN3VVFzN0RuNWpZb1lnU2g0dndUeTdSVUxsTUtudDJ6YXFYZFVYVDc3TXVsanA3L3VwaUtnWmxxT2dOcU9iUHkKRW5sMDlMYjIwRW15ZTlIbVkvbUdqdFU0OUgraXNTcitwZGdVa01uYUJIMFUvbEZWT25oUGFFY29IQ3N3RFBUTwpDQ080bkQweXZkSnpVS0tna3lrWWJrM3U1REk5ckw1VHdwazVsL3c0UktNR0FqNktjeUM0aENqYWpBQW5RblNlCmRTcThNNDNWdC9HSUZ3L1QxYThXRndFVW5XVmlKektsaWxSK3lKTGkxMTBNZERDTnV6SkVYUlhUbFpldzR5OHUKQlZxbFprZmlHQnNVTDhFWGMzSmtqRkZONnNHL25EZFBVcDNoaW5HaAotLS0tLUVORCBDRVJUSUZJQ0FURS0tLS0tCg==",
                "host": "https://aks-bc68bfcb.hcp.westeurope.azmk8s.io:443",
                "password": "4ab221187ae9f457bd2e1becbf8154bfaf469a24837cc61014cac4f058abde878a8ddce643b1811133d931696181c06210f04c12a4e615f3cc0a04b8fdf26e72",
                "username": "clusterUser_rothieapimdemo_aks"
              }
            ],
            "kube_config_raw": "apiVersion: v1\nclusters:\n- cluster:\n    certificate-authority-data: LS0tLS1CRUdJTiBDRVJUSUZJQ0FURS0tLS0tCk1JSUV5akNDQXJLZ0F3SUJBZ0lSQUpyeGgwcHlZMm5JOU82ZjAzRXdDTVV3RFFZSktvWklodmNOQVFFTEJRQXcKRFRFTE1Ba0dBMVVFQXhNQ1kyRXdJQmNOTWpBeE1ETXdNVEV5T1RFMFdoZ1BNakExTURFd016QXhNVE01TVRSYQpNQTB4Q3pBSkJnTlZCQU1UQW1OaE1JSUNJakFOQmdrcWhraUc5dzBCQVFFRkFBT0NBZzhBTUlJQ0NnS0NBZ0VBCnlBUVZDREFMZE80c0Nwanc5NnFxTkVVTWR3d0wyMHlCUkYyUzlYSG0za1F2YnhmZWVUeWVDTmpGTUNBNEJXVy8KMmVKRTVpMy9MSzRCbzdNK1dTbS95cU9XWlVwMVlBYytCY0hiaWhKakRxdVlKK1luSGhxQk02RVRRbkVlclpSego0dTF1Z1FSbFNRWjRvRlluNEhrYWtaYWdWQ0d5SEQrSXhRRlZ1c0xLWE1ZY2ZTUys2c1pHVEpYUnkwQVFQUklICkluV0JGZFhGaTQ3WkxJU1ZMQ2FnYjFHNWxjZTZLYXNqKzFpU0hkLzlJT1J3ZkhoK2d4aU8yLzFMdllkMVR1QVkKYnpMSjd2RldaZ3ZNKzRzTWlac3BGSkVSdHZrcXJ4cUZRcXc5bFBFRldsMUViYnBVRGVkalN4TzZFS201UnQ0TAoxNmI0L2VQdmhmV2lsbFh2NjIvbjdaUTQ3ZVUyTzRpSGtPZDVLN1JYdWhiWlB2dnV1QmRVcHlvaktFRjBDb0RiCi8vamxUeVBlN3k4QmNmNDhTMkhsWVNUaUdWelR0N1FhVkNBWmY0bjhFSC94Y3FYZU1UVzJsZU8vYXp0NnlyMlEKT2o5aWNZOU9wNk9FNGVSSTVsc0lGSHQzR01PeGxib0NJRTZEQVhQOFE3MXVlNjd0QmJFTUtnVDBJaWl1c0R4cwo4Umx5M0cxNXkreXN4NlpJRlpwejc2d1Iva1ArYSswbnlkbXJaVHBRZTkvcGxwTkt0UVg2eEJkQVdRMjhrSkMzClorRFFCOUh2S0RqcmVPYzlvWGJBUlRKclNhdDBvWldvOE5HUHZab292R2JWNFZDL3dLOXYrT3F6bHJTa1EwMXUKQUhUWE9qTnVLWlZ1eXVpT0JUOXJtNmNLTDhmdjJtZDlWc2syeWJKQ1cxVUNBd0VBQWFNak1DRXdEZ1lEVlIwUApBUUgvQkFRREFnS2tNQThHQTFVZEV3RUIvd1FGTUFNQkFmOHdEUVlKS29aSWh2Y05BUUVMQlFBRGdnSUJBTFR2CjNBZzIxVloxNXNuOEppOEVPNmpCQjRVQWYxbDdpaGxjY0hidG45MXQvU3NxV2g2d2FjZm1tb1FUSVdWbWt2SjYKMnQzSWIzTlZOQS9yZkcrMGszNW8zNDBVRXNaN1dsbjhpemJSOWY1V2dVaDg5WDNaN0ZkWWtVTGgyQ2RTYTBtQwpwckdkME04RENXY0VSajI2Um1uaEp6VnhUeERuUkJOdDk4T2JlSDR3WGhMUlJPSU9pU041TXF0SkVJeGlqMlQrCjY5TEFpaFdNSER5bFZoalcyK1RaMFNiZ1M1ZkkrU1A2ZHRBeGZWR2RmNFg5YzRLcDJySXp5OFFCRTArWmxaRUUKajZIbS9kV2FqWUVOSjRUN05XcGsya094WnprRUNlWmZoSWlYSHhYVEdWblVtbnJkSkJWbU54Nlo2cHV5c3oraQplcUF3bmdqZkRWcklmdTBKLy9MVFo0RkZ4cGRDTmd5UUxocFU0dkxWUS8rZVA4Rlo3MVo1ZGlId0lCL0Z0d2Y2CmN3VVFzN0RuNWpZb1lnU2g0dndUeTdSVUxsTUtudDJ6YXFYZFVYVDc3TXVsanA3L3VwaUtnWmxxT2dOcU9iUHkKRW5sMDlMYjIwRW15ZTlIbVkvbUdqdFU0OUgraXNTcitwZGdVa01uYUJIMFUvbEZWT25oUGFFY29IQ3N3RFBUTwpDQ080bkQweXZkSnpVS0tna3lrWWJrM3U1REk5ckw1VHdwazVsL3c0UktNR0FqNktjeUM0aENqYWpBQW5RblNlCmRTcThNNDNWdC9HSUZ3L1QxYThXRndFVW5XVmlKektsaWxSK3lKTGkxMTBNZERDTnV6SkVYUlhUbFpldzR5OHUKQlZxbFprZmlHQnNVTDhFWGMzSmtqRkZONnNHL25EZFBVcDNoaW5HaAotLS0tLUVORCBDRVJUSUZJQ0FURS0tLS0tCg==\n    server: https://aks-bc68bfcb.hcp.westeurope.azmk8s.io:443\n  name: aks\ncontexts:\n- context:\n    cluster: aks\n    user: clusterUser_rothieapimdemo_aks\n  name: aks\ncurrent-context: aks\nkind: Config\npreferences: {}\nusers:\n- name: clusterUser_rothieapimdemo_aks\n  user:\n    client-certificate-data: LS0tLS1CRUdJTiBDRVJUSUZJQ0FURS0tLS0tCk1JSUUvRENDQXVTZ0F3SUJBZ0lRVnFuaFZrRUowd2JaempsYWx4MlFaakFOQmdrcWhraUc5dzBCQVFzRkFEQU4KTVFzd0NRWURWUVFERXdKallUQWVGdzB5TURFd016QXhNVEk1TVRSYUZ3MHlNakV3TXpBeE1UTTVNVFJhTURBeApGekFWQmdOVkJBb1REbk41YzNSbGJUcHRZWE4wWlhKek1SVXdFd1lEVlFRREV3eHRZWE4wWlhKamJHbGxiblF3CmdnSWlNQTBHQ1NxR1NJYjNEUUVCQVFVQUE0SUNEd0F3Z2dJS0FvSUNBUUMraUs3blptOXFBeGpnNW44M1FJUjIKdDBteTBMcHV1Snplc2huR1VrNm91ZXdxYTl2WkxGRHp0Q2tTWVppMGJsbFA3c2NFS0ZmSzNmaW4rNWVoSkVWRwp4ZEszRDVVQVlsVWYwRncwSkd0T0Vtd2VUcXN1cDVTNkRqdDFiQy9FdHYvWXpnWjNzTmtSenl3NlBwWlExSVU0Cjl2bVlySnc3NTk4TktDV0ozM1AyQkhuYnNXdzRmbHFmMjVxNjJlTEplckplUzdKckFIZGNKZlB6b2JyVU5tL0kKYUg3SXM0R2YxOVd4OTUzSDVQUkFBZjhXbFpuNmhuSVhsdjBTYWlZd2g0UXh0bE5ZaWRZOWtrdHllWnpBbmRBaApoSDZxS0dzakpuOUhaQlNmc0dlN2tIdTlvbTBaYXFXZ0dVMURQMFdoRjh1OE9uajhuTHVhaHAxWlM5bU5GMGdqCktxemlCcU5pdG5rc01PMnZjVFc3dXR4TVBFV3NBRDQ1WWs3MjBwb3JKc1FTb1JDOU1VaWFJWVdFNjlaay80Y2oKUlpEVFVkVFdkbjRTM3FCYnd3Tzh1Ym1PdWJxNGMxSmwwQzJpZXpYZ3FiaDQ0bUZMU08wNjMrakJPam43T1RJcgpJMWhjRk5vem9uSUlRVzEzWXU1dXNCcUJLcm1uUzNrMTFUOXF4K2RRM1NGU0xaVW1iMi81d1pUdnFGbCs1NitDCk5WaUUyWEtsTXNLYUk0NjRWNmRSNE15a1l4TFZ1RFEycWVpcWZ6djJ3SlVuY0hqNDYydFNnSkdad2FqcVZLQkcKdDBLTHh1K21xR1dsdVlOTk8wdFZNNWtETEZLc3dXT29HcG00c3dSNXpramdGOWtCeklmR1ZhbzI4TWpNVUQyZwpLMEVYWEJJN1VnT1gvYUZlZmtEVG13SURBUUFCb3pVd016QU9CZ05WSFE4QkFmOEVCQU1DQmFBd0V3WURWUjBsCkJBd3dDZ1lJS3dZQkJRVUhBd0l3REFZRFZSMFRBUUgvQkFJd0FEQU5CZ2txaGtpRzl3MEJBUXNGQUFPQ0FnRUEKclYrYWxsMUQrUHU1Nkx5VmlObndVa29admxmM25LN1lmTUV3ZklCZ0JjS2FRQjdyYUZ6SkNaUEg4ckRzK1pPNQp5TDEvSjBGaitMK3IzbWNjKzVZbWV0UFYxa05CeW5qTEhzR3d6WHd5TlhXOHdVd1FWREphYnpZN1kwaVJDaDdzClRYYjI1MkRISmlpTm5WVEVKb1dsZ3RDekRVNG5rdlNSYUFVYUZyVlNkajJ0SmJLMkhDOVgyWFBEcndPUmpJQ1cKbnRxemo0dmk0d2VWZE1yaEgwZW5nWWNjaWNOTWxjbHRLdVA4a1k0aml6UWhOZEJBU1ExYS9tYzVDVWJqdUxMKwpObVFVV1Q1TDVWalV0TzhlOGorSUtKZGJseFN0aUtRbmh6Rm9jZXlvUVZjL09Ga0VIUDNxV1VTREYralc5TkRZCkZuVm1Yb0dlRHhFMmMrL2tYbmF0di9yVk1ERmc5ajBXYk01Q3F4SjlvSzRYY2c5d0xLaU13R2hlay9XM09ibkIKK2R1Tm5tWUgwSDdhWDVPa3VpK3MwaDFVOEd1czM0QlF4UERTK2UzaUN3SmRZTmtIbERmZVZEejNJYSs3cjRabAp1VjlUdkRvcFd1N1ljOWlocG5oVzY5SG10cDJhbmUwczRDQVFKZm5JR0d0RVF0bkE5aVZTdlhVVGd5Ykh2aHd6CmY4ZkN0MVJwZTJlVy8vQVl1QjBCTmloMEU2S21lS1J2L2FPU2RsTldCcGNVS3VpK1RBb2MvRE8rbzVkNWZYOU8KLy9qOENON2tjY3VuUXdHUGV2WDlUS1UrdFI4SnNvMDFnanJHNmhqY0MwSEM0OGhKSVc4Wk1mdnNYZEFzcDNTZApSYVI0NjdEU2JsTVdXTy9hT1FjZzBsazJVeTZNSU5DU2MrbFN4a1BsRm9ZPQotLS0tLUVORCBDRVJUSUZJQ0FURS0tLS0tCg==\n    client-key-data: LS0tLS1CRUdJTiBSU0EgUFJJVkFURSBLRVktLS0tLQpNSUlKSndJQkFBS0NBZ0VBdm9pdTUyWnZhZ01ZNE9aL04wQ0VkcmRKc3RDNmJyaWMzcklaeGxKT3FMbnNLbXZiCjJTeFE4N1FwRW1HWXRHNVpUKzdIQkNoWHl0MzRwL3VYb1NSRlJzWFN0dytWQUdKVkg5QmNOQ1JyVGhKc0hrNnIKTHFlVXVnNDdkV3d2eExiLzJNNEdkN0RaRWM4c09qNldVTlNGT1BiNW1LeWNPK2ZmRFNnbGlkOXo5Z1I1MjdGcwpPSDVhbjl1YXV0bml5WHF5WGt1eWF3QjNYQ1h6ODZHNjFEWnZ5R2greUxPQm45ZlZzZmVkeCtUMFFBSC9GcFdaCitvWnlGNWI5RW1vbU1JZUVNYlpUV0luV1BaSkxjbm1jd0ozUUlZUitxaWhySXlaL1IyUVVuN0JudTVCN3ZhSnQKR1dxbG9CbE5RejlGb1JmTHZEcDQvSnk3bW9hZFdVdlpqUmRJSXlxczRnYWpZclo1TEREdHIzRTF1N3JjVER4RgpyQUErT1dKTzl0S2FLeWJFRXFFUXZURkltaUdGaE92V1pQK0hJMFdRMDFIVTFuWitFdDZnVzhNRHZMbTVqcm02CnVITlNaZEF0b25zMTRLbTRlT0poUzBqdE90L293VG81K3preUt5TllYQlRhTTZKeUNFRnRkMkx1YnJBYWdTcTUKcDB0NU5kVS9hc2ZuVU4waFVpMlZKbTl2K2NHVTc2aFpmdWV2Z2pWWWhObHlwVExDbWlPT3VGZW5VZURNcEdNUwoxYmcwTnFub3FuODc5c0NWSjNCNCtPdHJVb0NSbWNHbzZsU2dScmRDaThidnBxaGxwYm1EVFR0TFZUT1pBeXhTCnJNRmpxQnFadUxNRWVjNUk0QmZaQWN5SHhsV3FOdkRJekZBOW9DdEJGMXdTTzFJRGwvMmhYbjVBMDVzQ0F3RUEKQVFLQ0FnQnV1M0VxK3RWMWZ5ZE9UYWRSclNWTytXYlRqWXRNSGU3TlhpU3NwZGtoSml5aTJ0eUNjc2I1VzVNagpJNlZqOTEzZ25wejdSWmNBUjlEamo4eW4walNRMVJlSlhIejBKREhrczJ0aXdtZTZqK3BXRXRKWjR2c0V4cEMzCnhaQmRleDFtR3hhWEtTaCt1VEN6Q1B6RExUL2Z3Mmw3MlpWVEc0YitWbjY2aWlzU3A3ZEtmdXF1U29EUXR3aE4KMzZOMkJPRDAvSGxNeHBDWDlWYTZHUnhEaVArZU1WeTl0OVYxMkRKUm85OEc5WUVlVWdxMlRXdVh0ZHRJNm05Wgo3R2NWZlN6TzEyL0kzUkt0NWdBREg3cUNGeldHeFVINEVsVnhzRVg0YjZtc3hSRUVhUXdCUWd5MTRNMHhKb05JCnVkVDFzcWF0Vmk1S1lheUdPZ1hvaDdSLzB6QVFmcGhqVDY5YmZpS3NINVhYNFdReHlLWjN0L1M5eFh2RDArbHEKNzNUbktQcUd0SUR4d2srQkJkalR2YnJyc05XcFNHZCs3T1E1V0h0a3BSRTFwN3FZSG5aRFYzSS92aURpb2FiVgp5d01TZk13cS9kanNzR29aVHk5bkU1S3gvTHpFZlFYTTdCSDhJUlRRck4zdnpTbUlPKzNXUmhUSlhTZXIyQmFHCmI3OXBuWXluekh2YktCS0c5TStMaUZvWFA5WkJMUWxIdURRdVpldHRQbi8wR25kd1JtVnJ3aHZtSWltbkFOaDQKUGt3U21ucEF0ZFYvRzhWZjlYUlpIUE9BY01kS3M3aEhNZDQ2QkZEVVdLbGl3bll1dHpNc3psb3N6Y1hqbjBFeQpMUHozUFJTM0VYQk16c2dDVjVaUFJ1SzRjai9md1NXR0dZSUpTbmNVZWZYQjZBb05BUUtDQVFFQTdySWJVcUtzCm5DamhMcWRkMjlQWE1MOGRvMkRPTGxHcFBFK0xST1VKZVkwb3oyTUdGRzU4UWY4YXpQU2dndXU2endKeldHZnMKdDhCUG1DbUFqWVZYNWRZQ2dub2dsVlhrWFBKVG9kcjdvdzJpUGdGN1llTDBZd1RoUG5yMWlXeDVIQzFiSkx0UgpadTNSRW5XNG41TmNnb2VrR2g3bk0vVkNEbUljQ2pEZUhkK0FRSFNyUGtYcVV6OEtKcktVU0YwK2Z2bTdyY1l2CmRVT2dVc1dyeCs2T3l1VWMrb3EwTC8yVGh5MjRSdG1NWlNYdkoxMHZ1MlpGa1BmZzAzckxheDJLc1puaTBoaW4KRHpjNDhKcjFQYmJya2NxelBWcnpXUlE4VjVmNzI4MFRoMXZESFhxSkZvRHNuN1g4M3N2T0FBQjVaSXo3c3JlYwplYzNXNitsN1hJUktFUUtDQVFFQXpGakE4d0Ruc2g2S1ZjUkFpeU4vZVFOc2NZN1pjeDNxVXNESkc1dTFJUGh2Ck9yOTRuQjRkRlpyL2MwR2hXWHhzRkNiRG9vTDRnQkV1QVl1WDRlRWQ4NUlGRzA3WkNMcTlWVVdVOC9jcTdaNlUKaTRHUUVYa1ZqRjhGT2VTRU5qVEd4WElGWTJsTTVGazl5VENvRFI2WTFmRHlWTjlCNFU3ZjFHWU9IdkdXR0RSbApNZnRoMXdIWXdFcWFPcFZ4b0Z3WS95aWJkTGlmRTAwT1NnQ1RnaVhYNk1DL0FvZ3U0VS9td3dYWFBHTmdsS3JHCm5XRG1zdXVKMHp3UWRhWnNHUEFVWm16WkVQcWZPWnpQalBnVFROU28vYSsrYThaekU0emU5TzFMbk9HcFVKUUsKdFdMV3RTSlJ5RWtIdE5oRjJTSzhvSDNBWGNDTXpTRjlhMWFYUnQxMjZ3S0NBUUFOTXZ3ZnphOE4wNVRnSjVFaApIczIvZkZIL1B0TW43SXdYTWE3WjJIQjFzRUNaZHpoVzJPVTJJUTB5V0RTb0NMRUQwWGJmWkovS2FXLzlVZzR4CnhUWGZGNzU3eUpVVXJQTTcwSXFmWUtTWmw1OXBIbHZjUmRpTndTOVRiU2sydUREYVJnZk1PQytBS1padUZ1Um0KcnBkbkFHa3FxSnJRWExlU1pBcDQ1Y3JpakFGamp4QUpHWVNqcGREQjR3NGdFa2ZxYlpUYlB5SlFzYlNqM3hwbwpxK0JwaDlIYWFPRWQ1ai9LTWRVRzFmRFZod3Q2ZWNTeDhDM1lubHhvVlZuNlNsL3BBa0Z3ckx4UU14V0srSWFuCkt2NUx5Wkd2eXQrNkJVeHc2NDZaMFBWTGZ0K0RPY3RxMnlZNmpxMjFCRUFYNys3R2lLVkNkTFRLWjMrQy9CNCsKTjNLQkFvSUJBR2JSTld4UGhVVGpCdm0yZ0Q5Q0FpNlNZV3NWMUNXTzVNcjBnM3Zuc1pCQVVENy8vaUNYS2swbgpxdWFFSERvWlY0d2dJUWxRMnRZZFRzZXFSQ1o4RFlUemNLeFgxTzRHZjZNN0dvSlNXQUF0YlZKd1ExdjNUN2RNClRDWGY3QUlXTmZrOHNLZGZZVGY0Q3hXQzdOdUZES09BMDMyT3crZ290b2g1UFJ1bXRMM0RCelBKNTJXMllTZ0gKb1doZXIwaGZicGhjQnpRSWZNbktXS2sxZHdMaUphdlA1NHZQbDc3NFpBUzJtS0NpNUFLSmx0dXkyUUVuY0RhZgpueXlES3hxMUdaNmJuL0JpR2VGMEhCNHk2QXNkYVZZVHFqMHlJYzZ4YjdGUEFGK1VUNHZpb1N5NDZZMUVFbUF6CkZyU1FxVHhpdFFRUG9jM0tSMDRqVHFiR2IrRlJKemNDZ2dFQUF0TWQ3cFlXTmZKdlJlSC9Fb3JINUNNUklkOVEKeklvS1BHZmJjbng4YkJGRWk2MkVDelB4enB4eXdPQ01reUlvbkpSem15dzhqSk5WcTZPYitYUFZHbjFldFNlZQpPYzVuTnppeElMTmFld2tIRWFpNVhZUkVCRVBuMklyM0M4VUxJOFVSZWRWRndHZmdmRUxPcVYxN0N5OEg5eTA4Cm9tVkUzbWxoZ0pMWDlabCtWKzlLWlB5MGl5cDkwZGVkUngyaGdyODVjNWhkbWtLS21RdUtFSy80YVh0YWt1STkKbFdaWHZ6MW53V0lIcEJzTFBkak9QaHJYQ0ViNGhxWWtTb0lrMkYxT054SEcyQ2pjUHk4U0tIdEFWVzUrTkpXTwppdlRVN003TXdxeU5CUnJGU01oYWJ6YTkzdWV4R2dKdFcrTmErUHRoQmpSS25oMjVWUkNmWWpmTWxnPT0KLS0tLS1FTkQgUlNBIFBSSVZBVEUgS0VZLS0tLS0K\n    token: 4ab221187ae9f457bd2e1becbf8154bfaf469a24837cc61014cac4f058abde878a8ddce643b1811133d931696181c06210f04c12a4e615f3cc0a04b8fdf26e72\n",
            "kubelet_identity": [
              {
                "client_id": "58424c01-eb0a-4446-9e48-9383821b3feb",
                "object_id": "43d6ed2b-77f6-41cf-8406-a9fe57207870",
                "user_assigned_identity_id": "/subscriptions/0ec6dbb0-b89b-4bb3-9140-14e3d244e0ee/resourcegroups/MC_rothieapimdemo_aks_westeurope/providers/Microsoft.ManagedIdentity/userAssignedIdentities/aks-agentpool"
              }
            ],
            "kubernetes_version": "1.18.8",
            "linux_profile": [],
            "location": "westeurope",
            "name": "aks",
            "network_profile": [
              {
                "dns_service_ip": "10.0.0.10",
                "docker_bridge_cidr": "172.17.0.1/16",
                "load_balancer_profile": [
                  {
                    "effective_outbound_ips": [
                      "/subscriptions/0ec6dbb0-b89b-4bb3-9140-14e3d244e0ee/resourceGroups/MC_rothieapimdemo_aks_westeurope/providers/Microsoft.Network/publicIPAddresses/afe5bd67-6086-4ef3-b0ed-5c02df7e12cd"
                    ],
                    "idle_timeout_in_minutes": 0,
                    "managed_outbound_ip_count": 1,
                    "outbound_ip_address_ids": [],
                    "outbound_ip_prefix_ids": [],
                    "outbound_ports_allocated": 0
                  }
                ],
                "load_balancer_sku": "Standard",
                "network_plugin": "kubenet",
                "network_policy": "",
                "outbound_type": "loadBalancer",
                "pod_cidr": "10.244.0.0/16",
                "service_cidr": "10.0.0.0/16"
              }
            ],
            "node_resource_group": "MC_rothieapimdemo_aks_westeurope",
            "private_cluster_enabled": false,
            "private_fqdn": "",
            "private_link_enabled": false,
            "resource_group_name": "rothieapimdemo",
            "role_based_access_control": [
              {
                "azure_active_directory": [],
                "enabled": true
              }
            ],
            "service_principal": [],
            "sku_tier": "Free",
            "tags": {},
            "timeouts": null,
            "windows_profile": []
          },
          "private": "eyJlMmJmYjczMC1lY2FhLTExZTYtOGY4OC0zNDM2M2JjN2M0YzAiOnsiY3JlYXRlIjo1NDAwMDAwMDAwMDAwLCJkZWxldGUiOjU0MDAwMDAwMDAwMDAsInJlYWQiOjMwMDAwMDAwMDAwMCwidXBkYXRlIjo1NDAwMDAwMDAwMDAwfX0=",
          "dependencies": [
            "azurerm_resource_group.default",
            "azurerm_subnet.aks",
            "azurerm_virtual_network.default"
          ]
        }
      ]
    },
    {
      "mode": "managed",
      "type": "azurerm_resource_group",
      "name": "default",
      "provider": "provider[\"registry.terraform.io/hashicorp/azurerm\"]",
      "instances": [
        {
          "schema_version": 0,
          "attributes": {
            "id": "/subscriptions/0ec6dbb0-b89b-4bb3-9140-14e3d244e0ee/resourceGroups/rothieapimdemo",
            "location": "westeurope",
            "name": "rothieapimdemo",
            "tags": {},
            "timeouts": null
          },
          "private": "eyJlMmJmYjczMC1lY2FhLTExZTYtOGY4OC0zNDM2M2JjN2M0YzAiOnsiY3JlYXRlIjo1NDAwMDAwMDAwMDAwLCJkZWxldGUiOjU0MDAwMDAwMDAwMDAsInJlYWQiOjMwMDAwMDAwMDAwMCwidXBkYXRlIjo1NDAwMDAwMDAwMDAwfX0="
        }
      ]
    },
    {
      "mode": "managed",
      "type": "azurerm_role_assignment",
      "name": "aks_network_contributor",
      "provider": "provider[\"registry.terraform.io/hashicorp/azurerm\"]",
      "instances": [
        {
          "schema_version": 0,
          "attributes": {
            "id": "/subscriptions/0ec6dbb0-b89b-4bb3-9140-14e3d244e0ee/resourceGroups/rothieapimdemo/providers/Microsoft.Authorization/roleAssignments/f1798409-e96f-b80b-121c-8767a983fcba",
            "name": "f1798409-e96f-b80b-121c-8767a983fcba",
            "principal_id": "292e5f64-0902-4c46-ac2f-9ea9cbfacab4",
            "principal_type": "ServicePrincipal",
            "role_definition_id": "/subscriptions/0ec6dbb0-b89b-4bb3-9140-14e3d244e0ee/providers/Microsoft.Authorization/roleDefinitions/4d97b98b-1d4f-4787-a291-c67834d212e7",
            "role_definition_name": "Network Contributor",
            "scope": "/subscriptions/0ec6dbb0-b89b-4bb3-9140-14e3d244e0ee/resourceGroups/rothieapimdemo",
            "skip_service_principal_aad_check": null,
            "timeouts": null
          },
          "private": "eyJlMmJmYjczMC1lY2FhLTExZTYtOGY4OC0zNDM2M2JjN2M0YzAiOnsiY3JlYXRlIjoxODAwMDAwMDAwMDAwLCJkZWxldGUiOjE4MDAwMDAwMDAwMDAsInJlYWQiOjMwMDAwMDAwMDAwMCwidXBkYXRlIjoxODAwMDAwMDAwMDAwfX0=",
          "dependencies": [
            "azurerm_kubernetes_cluster.default",
            "azurerm_resource_group.default"
          ]
        }
      ]
    },
    {
      "mode": "managed",
      "type": "azurerm_subnet",
      "name": "aks",
      "provider": "provider[\"registry.terraform.io/hashicorp/azurerm\"]",
      "instances": [
        {
          "schema_version": 0,
          "attributes": {
            "address_prefix": "10.2.0.0/16",
            "address_prefixes": [
              "10.2.0.0/16"
            ],
            "delegation": [],
            "enforce_private_link_endpoint_network_policies": false,
            "enforce_private_link_service_network_policies": false,
            "id": "/subscriptions/0ec6dbb0-b89b-4bb3-9140-14e3d244e0ee/resourceGroups/rothieapimdemo/providers/Microsoft.Network/virtualNetworks/vnet/subnets/aks",
            "name": "aks",
            "resource_group_name": "rothieapimdemo",
            "service_endpoints": [],
            "timeouts": null,
            "virtual_network_name": "vnet"
          },
          "private": "eyJlMmJmYjczMC1lY2FhLTExZTYtOGY4OC0zNDM2M2JjN2M0YzAiOnsiY3JlYXRlIjoxODAwMDAwMDAwMDAwLCJkZWxldGUiOjE4MDAwMDAwMDAwMDAsInJlYWQiOjMwMDAwMDAwMDAwMCwidXBkYXRlIjoxODAwMDAwMDAwMDAwfX0=",
          "dependencies": [
            "azurerm_resource_group.default",
            "azurerm_virtual_network.default"
          ]
        }
      ]
    },
    {
      "mode": "managed",
      "type": "azurerm_subnet",
      "name": "apim",
      "provider": "provider[\"registry.terraform.io/hashicorp/azurerm\"]",
      "instances": [
        {
          "schema_version": 0,
          "attributes": {
            "address_prefix": "10.3.0.0/24",
            "address_prefixes": [
              "10.3.0.0/24"
            ],
            "delegation": [],
            "enforce_private_link_endpoint_network_policies": false,
            "enforce_private_link_service_network_policies": false,
            "id": "/subscriptions/0ec6dbb0-b89b-4bb3-9140-14e3d244e0ee/resourceGroups/rothieapimdemo/providers/Microsoft.Network/virtualNetworks/vnet/subnets/apim",
            "name": "apim",
            "resource_group_name": "rothieapimdemo",
            "service_endpoints": [],
            "timeouts": null,
            "virtual_network_name": "vnet"
          },
          "private": "eyJlMmJmYjczMC1lY2FhLTExZTYtOGY4OC0zNDM2M2JjN2M0YzAiOnsiY3JlYXRlIjoxODAwMDAwMDAwMDAwLCJkZWxldGUiOjE4MDAwMDAwMDAwMDAsInJlYWQiOjMwMDAwMDAwMDAwMCwidXBkYXRlIjoxODAwMDAwMDAwMDAwfX0=",
          "dependencies": [
            "azurerm_resource_group.default",
            "azurerm_virtual_network.default"
          ]
        }
      ]
    },
    {
      "mode": "managed",
      "type": "azurerm_virtual_network",
      "name": "default",
      "provider": "provider[\"registry.terraform.io/hashicorp/azurerm\"]",
      "instances": [
        {
          "schema_version": 0,
          "attributes": {
            "address_space": [
              "10.0.0.0/8"
            ],
            "ddos_protection_plan": [],
            "dns_servers": [],
            "guid": "e3bad328-d01d-4997-9e1c-66d035965d2a",
            "id": "/subscriptions/0ec6dbb0-b89b-4bb3-9140-14e3d244e0ee/resourceGroups/rothieapimdemo/providers/Microsoft.Network/virtualNetworks/vnet",
            "location": "westeurope",
            "name": "vnet",
            "resource_group_name": "rothieapimdemo",
            "subnet": [
              {
                "address_prefix": "10.2.0.0/16",
                "id": "/subscriptions/0ec6dbb0-b89b-4bb3-9140-14e3d244e0ee/resourceGroups/rothieapimdemo/providers/Microsoft.Network/virtualNetworks/vnet/subnets/aks",
                "name": "aks",
                "security_group": ""
              },
              {
                "address_prefix": "10.3.0.0/24",
                "id": "/subscriptions/0ec6dbb0-b89b-4bb3-9140-14e3d244e0ee/resourceGroups/rothieapimdemo/providers/Microsoft.Network/virtualNetworks/vnet/subnets/apim",
                "name": "apim",
                "security_group": ""
              }
            ],
            "tags": {},
            "timeouts": null
          },
          "private": "eyJlMmJmYjczMC1lY2FhLTExZTYtOGY4OC0zNDM2M2JjN2M0YzAiOnsiY3JlYXRlIjoxODAwMDAwMDAwMDAwLCJkZWxldGUiOjE4MDAwMDAwMDAwMDAsInJlYWQiOjMwMDAwMDAwMDAwMCwidXBkYXRlIjoxODAwMDAwMDAwMDAwfX0=",
          "dependencies": [
            "azurerm_resource_group.default"
          ]
        }
      ]
    },
    {
      "mode": "managed",
      "type": "kubernetes_namespace",
      "name": "api_cluster",
      "provider": "provider[\"registry.terraform.io/hashicorp/kubernetes\"]",
      "instances": [
        {
          "schema_version": 0,
          "attributes": {
            "id": "api-cluster",
            "metadata": [
              {
                "annotations": {},
                "generate_name": "",
                "generation": 0,
                "labels": {},
                "name": "api-cluster",
                "resource_version": "591460",
                "self_link": "/api/v1/namespaces/api-cluster",
                "uid": "3950d7b2-1a6f-4544-aef6-b1f704c83d3f"
              }
            ],
            "timeouts": null
          },
          "private": "eyJlMmJmYjczMC1lY2FhLTExZTYtOGY4OC0zNDM2M2JjN2M0YzAiOnsiZGVsZXRlIjozMDAwMDAwMDAwMDB9fQ==",
          "dependencies": [
            "azurerm_kubernetes_cluster.default"
          ]
        }
      ]
    },
    {
      "mode": "managed",
      "type": "kubernetes_namespace",
      "name": "api_internal",
      "provider": "provider[\"registry.terraform.io/hashicorp/kubernetes\"]",
      "instances": [
        {
          "schema_version": 0,
          "attributes": {
            "id": "api-internal",
            "metadata": [
              {
                "annotations": {},
                "generate_name": "",
                "generation": 0,
                "labels": {},
                "name": "api-internal",
                "resource_version": "591459",
                "self_link": "/api/v1/namespaces/api-internal",
                "uid": "b278e5d8-c33e-43e8-b30d-8d192844e86b"
              }
            ],
            "timeouts": null
          },
          "private": "eyJlMmJmYjczMC1lY2FhLTExZTYtOGY4OC0zNDM2M2JjN2M0YzAiOnsiZGVsZXRlIjozMDAwMDAwMDAwMDB9fQ==",
          "dependencies": [
            "azurerm_kubernetes_cluster.default"
          ]
        }
      ]
    },
    {
      "mode": "managed",
      "type": "kubernetes_namespace",
      "name": "api_public",
      "provider": "provider[\"registry.terraform.io/hashicorp/kubernetes\"]",
      "instances": [
        {
          "schema_version": 0,
          "attributes": {
            "id": "api-public",
            "metadata": [
              {
                "annotations": {},
                "generate_name": "",
                "generation": 0,
                "labels": {},
                "name": "api-public",
                "resource_version": "591461",
                "self_link": "/api/v1/namespaces/api-public",
                "uid": "146c25e0-76e7-4740-842a-a8f5af83e11a"
              }
            ],
            "timeouts": null
          },
          "private": "eyJlMmJmYjczMC1lY2FhLTExZTYtOGY4OC0zNDM2M2JjN2M0YzAiOnsiZGVsZXRlIjozMDAwMDAwMDAwMDB9fQ==",
          "dependencies": [
            "azurerm_kubernetes_cluster.default"
          ]
        }
      ]
    },
    {
      "mode": "managed",
      "type": "kubernetes_pod",
      "name": "api_cluster",
      "provider": "provider[\"registry.terraform.io/hashicorp/kubernetes\"]",
      "instances": [
        {
          "schema_version": 0,
          "attributes": {
            "id": "api-cluster/api",
            "metadata": [
              {
                "annotations": {},
                "generate_name": "",
                "generation": 0,
                "labels": {
                  "app": "api"
                },
                "name": "api",
                "namespace": "api-cluster",
                "resource_version": "591506",
                "self_link": "/api/v1/namespaces/api-cluster/pods/api",
                "uid": "855ea706-89e9-497a-bf41-1bb2871a0914"
              }
            ],
            "spec": [
              {
                "active_deadline_seconds": 0,
                "affinity": [],
                "automount_service_account_token": false,
                "container": [
                  {
                    "args": [],
                    "command": [],
                    "env": [],
                    "env_from": [],
                    "image": "robinmanuelthiel/microcommunication-api:latest",
                    "image_pull_policy": "Always",
                    "lifecycle": [],
                    "liveness_probe": [],
                    "name": "api",
                    "port": [
                      {
                        "container_port": 8080,
                        "host_ip": "",
                        "host_port": 0,
                        "name": "",
                        "protocol": "TCP"
                      }
                    ],
                    "readiness_probe": [],
                    "resources": [
                      {
                        "limits": [],
                        "requests": []
                      }
                    ],
                    "security_context": [],
                    "startup_probe": [],
                    "stdin": false,
                    "stdin_once": false,
                    "termination_message_path": "/dev/termination-log",
                    "termination_message_policy": "File",
                    "tty": false,
                    "volume_mount": [],
                    "working_dir": ""
                  }
                ],
                "dns_config": [],
                "dns_policy": "ClusterFirst",
                "host_aliases": [],
                "host_ipc": false,
                "host_network": false,
                "host_pid": false,
                "hostname": "",
                "image_pull_secrets": [],
                "init_container": [],
                "node_name": "aks-default-35064155-vmss000000",
                "node_selector": {},
                "priority_class_name": "",
                "restart_policy": "Always",
                "security_context": [],
                "service_account_name": "default",
                "share_process_namespace": false,
                "subdomain": "",
                "termination_grace_period_seconds": 30,
                "toleration": [],
                "volume": []
              }
            ],
            "timeouts": null
          },
          "private": "eyJlMmJmYjczMC1lY2FhLTExZTYtOGY4OC0zNDM2M2JjN2M0YzAiOnsiY3JlYXRlIjozMDAwMDAwMDAwMDAsImRlbGV0ZSI6MzAwMDAwMDAwMDAwfX0=",
          "dependencies": [
            "azurerm_kubernetes_cluster.default",
            "kubernetes_namespace.api_cluster"
          ]
        }
      ]
    },
    {
      "mode": "managed",
      "type": "kubernetes_pod",
      "name": "api_internal",
      "provider": "provider[\"registry.terraform.io/hashicorp/kubernetes\"]",
      "instances": [
        {
          "schema_version": 0,
          "attributes": {
            "id": "api-internal/api",
            "metadata": [
              {
                "annotations": {},
                "generate_name": "",
                "generation": 0,
                "labels": {
                  "app": "api"
                },
                "name": "api",
                "namespace": "api-internal",
                "resource_version": "591518",
                "self_link": "/api/v1/namespaces/api-internal/pods/api",
                "uid": "bc145872-5e7b-4583-bad6-738627fd8a8c"
              }
            ],
            "spec": [
              {
                "active_deadline_seconds": 0,
                "affinity": [],
                "automount_service_account_token": false,
                "container": [
                  {
                    "args": [],
                    "command": [],
                    "env": [],
                    "env_from": [],
                    "image": "robinmanuelthiel/microcommunication-api:latest",
                    "image_pull_policy": "Always",
                    "lifecycle": [],
                    "liveness_probe": [],
                    "name": "api",
                    "port": [
                      {
                        "container_port": 8080,
                        "host_ip": "",
                        "host_port": 0,
                        "name": "",
                        "protocol": "TCP"
                      }
                    ],
                    "readiness_probe": [],
                    "resources": [
                      {
                        "limits": [],
                        "requests": []
                      }
                    ],
                    "security_context": [],
                    "startup_probe": [],
                    "stdin": false,
                    "stdin_once": false,
                    "termination_message_path": "/dev/termination-log",
                    "termination_message_policy": "File",
                    "tty": false,
                    "volume_mount": [],
                    "working_dir": ""
                  }
                ],
                "dns_config": [],
                "dns_policy": "ClusterFirst",
                "host_aliases": [],
                "host_ipc": false,
                "host_network": false,
                "host_pid": false,
                "hostname": "",
                "image_pull_secrets": [],
                "init_container": [],
                "node_name": "aks-default-35064155-vmss000000",
                "node_selector": {},
                "priority_class_name": "",
                "restart_policy": "Always",
                "security_context": [],
                "service_account_name": "default",
                "share_process_namespace": false,
                "subdomain": "",
                "termination_grace_period_seconds": 30,
                "toleration": [],
                "volume": []
              }
            ],
            "timeouts": null
          },
          "private": "eyJlMmJmYjczMC1lY2FhLTExZTYtOGY4OC0zNDM2M2JjN2M0YzAiOnsiY3JlYXRlIjozMDAwMDAwMDAwMDAsImRlbGV0ZSI6MzAwMDAwMDAwMDAwfX0=",
          "dependencies": [
            "azurerm_kubernetes_cluster.default",
            "kubernetes_namespace.api_internal"
          ]
        }
      ]
    },
    {
      "mode": "managed",
      "type": "kubernetes_pod",
      "name": "api_public",
      "provider": "provider[\"registry.terraform.io/hashicorp/kubernetes\"]",
      "instances": [
        {
          "schema_version": 0,
          "attributes": {
            "id": "api-public/api",
            "metadata": [
              {
                "annotations": {},
                "generate_name": "",
                "generation": 0,
                "labels": {
                  "app": "api"
                },
                "name": "api",
                "namespace": "api-public",
                "resource_version": "591510",
                "self_link": "/api/v1/namespaces/api-public/pods/api",
                "uid": "977ad5ed-a95c-4bec-96ba-e462f29631ad"
              }
            ],
            "spec": [
              {
                "active_deadline_seconds": 0,
                "affinity": [],
                "automount_service_account_token": false,
                "container": [
                  {
                    "args": [],
                    "command": [],
                    "env": [],
                    "env_from": [],
                    "image": "robinmanuelthiel/microcommunication-api:latest",
                    "image_pull_policy": "Always",
                    "lifecycle": [],
                    "liveness_probe": [],
                    "name": "api",
                    "port": [
                      {
                        "container_port": 8080,
                        "host_ip": "",
                        "host_port": 0,
                        "name": "",
                        "protocol": "TCP"
                      }
                    ],
                    "readiness_probe": [],
                    "resources": [
                      {
                        "limits": [],
                        "requests": []
                      }
                    ],
                    "security_context": [],
                    "startup_probe": [],
                    "stdin": false,
                    "stdin_once": false,
                    "termination_message_path": "/dev/termination-log",
                    "termination_message_policy": "File",
                    "tty": false,
                    "volume_mount": [],
                    "working_dir": ""
                  }
                ],
                "dns_config": [],
                "dns_policy": "ClusterFirst",
                "host_aliases": [],
                "host_ipc": false,
                "host_network": false,
                "host_pid": false,
                "hostname": "",
                "image_pull_secrets": [],
                "init_container": [],
                "node_name": "aks-default-35064155-vmss000000",
                "node_selector": {},
                "priority_class_name": "",
                "restart_policy": "Always",
                "security_context": [],
                "service_account_name": "default",
                "share_process_namespace": false,
                "subdomain": "",
                "termination_grace_period_seconds": 30,
                "toleration": [],
                "volume": []
              }
            ],
            "timeouts": null
          },
          "private": "eyJlMmJmYjczMC1lY2FhLTExZTYtOGY4OC0zNDM2M2JjN2M0YzAiOnsiY3JlYXRlIjozMDAwMDAwMDAwMDAsImRlbGV0ZSI6MzAwMDAwMDAwMDAwfX0=",
          "dependencies": [
            "azurerm_kubernetes_cluster.default",
            "kubernetes_namespace.api_public"
          ]
        }
      ]
    },
    {
      "mode": "managed",
      "type": "kubernetes_service",
      "name": "api_cluster",
      "provider": "provider[\"registry.terraform.io/hashicorp/kubernetes\"]",
      "instances": [
        {
          "schema_version": 0,
          "attributes": {
            "id": "api-cluster/api",
            "load_balancer_ingress": [],
            "metadata": [
              {
                "annotations": null,
                "generate_name": "",
                "generation": 0,
                "labels": null,
                "name": "api",
                "namespace": "api-cluster",
                "resource_version": "591979",
                "self_link": "/api/v1/namespaces/api-cluster/services/api",
                "uid": "c9db9910-9675-404d-af79-91f0ce5521f8"
              }
            ],
            "spec": [
              {
                "cluster_ip": "10.0.215.149",
                "external_ips": null,
                "external_name": "",
                "external_traffic_policy": "",
                "health_check_node_port": 0,
                "load_balancer_ip": "",
                "load_balancer_source_ranges": null,
                "port": [
                  {
                    "name": "",
                    "node_port": 0,
                    "port": 80,
                    "protocol": "TCP",
                    "target_port": "8080"
                  }
                ],
                "publish_not_ready_addresses": false,
                "selector": {
                  "app": "api"
                },
                "session_affinity": "None",
                "type": "ClusterIP"
              }
            ],
            "timeouts": null
          },
          "private": "eyJlMmJmYjczMC1lY2FhLTExZTYtOGY4OC0zNDM2M2JjN2M0YzAiOnsiY3JlYXRlIjo2MDAwMDAwMDAwMDB9fQ==",
          "dependencies": [
            "azurerm_kubernetes_cluster.default",
            "kubernetes_namespace.api_cluster",
            "kubernetes_pod.api_cluster"
          ]
        }
      ]
    },
    {
      "mode": "managed",
      "type": "kubernetes_service",
      "name": "api_internal",
      "provider": "provider[\"registry.terraform.io/hashicorp/kubernetes\"]",
      "instances": [
        {
          "schema_version": 0,
          "attributes": {
            "id": "api-internal/api",
            "load_balancer_ingress": [
              {
                "hostname": "",
                "ip": "10.2.0.5"
              }
            ],
            "metadata": [
              {
                "annotations": {
                  "service.beta.kubernetes.io/azure-load-balancer-internal": "true"
                },
                "generate_name": "",
                "generation": 0,
                "labels": null,
                "name": "api",
                "namespace": "api-internal",
                "resource_version": "592184",
                "self_link": "/api/v1/namespaces/api-internal/services/api",
                "uid": "dac9b7e7-ca7d-4c4f-a7b3-1f646ec60086"
              }
            ],
            "spec": [
              {
                "cluster_ip": "10.0.94.101",
                "external_ips": null,
                "external_name": "",
                "external_traffic_policy": "Cluster",
                "health_check_node_port": 0,
                "load_balancer_ip": "",
                "load_balancer_source_ranges": null,
                "port": [
                  {
                    "name": "",
                    "node_port": 31774,
                    "port": 80,
                    "protocol": "TCP",
                    "target_port": "8080"
                  }
                ],
                "publish_not_ready_addresses": false,
                "selector": {
                  "app": "api"
                },
                "session_affinity": "None",
                "type": "LoadBalancer"
              }
            ],
            "timeouts": null
          },
          "private": "eyJlMmJmYjczMC1lY2FhLTExZTYtOGY4OC0zNDM2M2JjN2M0YzAiOnsiY3JlYXRlIjo2MDAwMDAwMDAwMDB9fQ==",
          "dependencies": [
            "azurerm_kubernetes_cluster.default",
            "kubernetes_namespace.api_internal",
            "kubernetes_pod.api_internal"
          ]
        }
      ]
    },
    {
      "mode": "managed",
      "type": "kubernetes_service",
      "name": "api_public",
      "provider": "provider[\"registry.terraform.io/hashicorp/kubernetes\"]",
      "instances": [
        {
          "schema_version": 0,
          "attributes": {
            "id": "api-public/api",
            "load_balancer_ingress": [
              {
                "hostname": "",
                "ip": "51.105.239.59"
              }
            ],
            "metadata": [
              {
                "annotations": null,
                "generate_name": "",
                "generation": 0,
                "labels": null,
                "name": "api",
                "namespace": "api-public",
                "resource_version": "592221",
                "self_link": "/api/v1/namespaces/api-public/services/api",
                "uid": "c572ef1d-3cfa-409c-b033-e4e90ae4b649"
              }
            ],
            "spec": [
              {
                "cluster_ip": "10.0.60.176",
                "external_ips": null,
                "external_name": "",
                "external_traffic_policy": "Cluster",
                "health_check_node_port": 0,
                "load_balancer_ip": "",
                "load_balancer_source_ranges": null,
                "port": [
                  {
                    "name": "",
                    "node_port": 31065,
                    "port": 80,
                    "protocol": "TCP",
                    "target_port": "8080"
                  }
                ],
                "publish_not_ready_addresses": false,
                "selector": {
                  "app": "api"
                },
                "session_affinity": "None",
                "type": "LoadBalancer"
              }
            ],
            "timeouts": null
          },
          "private": "eyJlMmJmYjczMC1lY2FhLTExZTYtOGY4OC0zNDM2M2JjN2M0YzAiOnsiY3JlYXRlIjo2MDAwMDAwMDAwMDB9fQ==",
          "dependencies": [
            "azurerm_kubernetes_cluster.default",
            "kubernetes_namespace.api_public",
            "kubernetes_pod.api_public"
          ]
        }
      ]
    }
  ]
}
